{
  "nodes": {
    "flake-utils": {
      "inputs": {
        "systems": "systems"
      },
      "locked": {
        "lastModified": 1692799911,
        "narHash": "sha256-3eihraek4qL744EvQXsK1Ha6C3CR7nnT8X2qWap4RNk=",
        "owner": "numtide",
        "repo": "flake-utils",
        "rev": "f9e7cf818399d17d347f847525c5a5a8032e4e44",
        "type": "github"
      },
      "original": {
        "id": "flake-utils",
        "type": "indirect"
      }
    },
    "fstar-src": {
      "inputs": {
        "flake-utils": "flake-utils",
        "nixpkgs": [
          "nixpkgs"
        ]
      },
      "locked": {
        "lastModified": 1712543559,
        "narHash": "sha256-3b56L0BYKOxeZWCqJPiw/nIj4ODb7pkVZWRFfqtl90E=",
        "owner": "FStarLang",
        "repo": "FStar",
        "rev": "695c472b42b5dd855d02460e9f3dd8ac0c90da58",
        "type": "github"
      },
      "original": {
        "owner": "FStarLang",
        "repo": "FStar",
        "type": "github"
      }
    },
    "krml-src": {
      "inputs": {
        "flake-utils": [
          "fstar-src",
          "flake-utils"
        ],
        "fstar": [
          "fstar-src"
        ],
        "nixpkgs": [
          "nixpkgs"
        ]
      },
      "locked": {
        "lastModified": 1712685650,
        "narHash": "sha256-Z3CmSNn6wc1Wr02Xe02sZIKjR0YEFGLX9VGThFk8t6Y=",
        "owner": "FStarLang",
        "repo": "karamel",
        "rev": "2526640099f77170dd51584f7dd3f167ca45b90f",
        "type": "github"
      },
      "original": {
        "owner": "FStarLang",
        "repo": "karamel",
        "type": "github"
      }
    },
    "nixpkgs": {
      "locked": {
        "lastModified": 1712608508,
        "narHash": "sha256-vMZ5603yU0wxgyQeHJryOI+O61yrX2AHwY6LOFyV1gM=",
        "owner": "nixos",
        "repo": "nixpkgs",
        "rev": "4cba8b53da471aea2ab2b0c1f30a81e7c451f4b6",
        "type": "github"
      },
      "original": {
        "owner": "nixos",
        "ref": "nixos-unstable",
        "repo": "nixpkgs",
        "type": "github"
      }
    },
    "root": {
      "inputs": {
        "fstar-src": "fstar-src",
        "krml-src": "krml-src",
        "nixpkgs": "nixpkgs",
        "steel-src": "steel-src"
      }
    },
    "steel-src": {
      "inputs": {
        "flake-utils": [
          "fstar-src",
          "flake-utils"
        ],
        "fstar": [
          "fstar-src"
        ],
        "nixpkgs": [
          "nixpkgs"
        ]
      },
      "locked": {
        "lastModified": 1708491166,
        "narHash": "sha256-Z9Knv29e3E2X6NLkoz8WdDRBxyBgYmfz0iltwi9hXus=",
        "owner": "FStarLang",
        "repo": "steel",
        "rev": "f7777c820bacb116bfdcc472c43497a1b7147d86",
        "type": "github"
      },
      "original": {
        "owner": "FStarLang",
        "repo": "steel",
        "type": "github"
      }
    },
    "systems": {
      "locked": {
        "lastModified": 1681028828,
        "narHash": "sha256-Vy1rq5AaRuLzOxct8nz4T6wlgyUR7zLU309k9mBC768=",
        "owner": "nix-systems",
        "repo": "default",
        "rev": "da67096a3b9bf56a91d16901293e51ba5b49a27e",
        "type": "github"
      },
      "original": {
        "owner": "nix-systems",
        "repo": "default",
        "type": "github"
      }
    }
  },
  "root": "root",
  "version": 7
}
