{
  "nodes": {
    "flake-utils": {
      "inputs": {
        "systems": "systems"
      },
      "locked": {
        "lastModified": 1692799911,
        "narHash": "sha256-3eihraek4qL744EvQXsK1Ha6C3CR7nnT8X2qWap4RNk=",
        "owner": "numtide",
        "repo": "flake-utils",
        "rev": "f9e7cf818399d17d347f847525c5a5a8032e4e44",
        "type": "github"
      },
      "original": {
        "id": "flake-utils",
        "type": "indirect"
      }
    },
    "fstar-src": {
      "inputs": {
        "flake-utils": "flake-utils",
        "nixpkgs": [
          "nixpkgs"
        ]
      },
      "locked": {
        "lastModified": 1706647851,
        "narHash": "sha256-tJgVMcCOEqdrgNUHjHgdc3+Spf3vri5Y3Y6noG1mZgo=",
        "owner": "FStarLang",
        "repo": "FStar",
        "rev": "a48e0aa9935c2a22ea540f9f2734c5f847d96361",
        "type": "github"
      },
      "original": {
        "owner": "FStarLang",
        "repo": "FStar",
        "type": "github"
      }
    },
    "krml-src": {
      "inputs": {
        "flake-utils": [
          "fstar-src",
          "flake-utils"
        ],
        "fstar": [
          "fstar-src"
        ],
        "nixpkgs": [
          "nixpkgs"
        ]
      },
      "locked": {
        "lastModified": 1705542599,
        "narHash": "sha256-wNtuRRvMzRzBE2xKreNSM9uJecDHFUXyug1+O9t+eyQ=",
        "owner": "FStarLang",
        "repo": "karamel",
        "rev": "fdf6a10aa22f9b1b3effffeeb270229447b5bb9b",
        "type": "github"
      },
      "original": {
        "owner": "FStarLang",
        "repo": "karamel",
        "type": "github"
      }
    },
    "nixpkgs": {
      "locked": {
        "lastModified": 1706550542,
        "narHash": "sha256-UcsnCG6wx++23yeER4Hg18CXWbgNpqNXcHIo5/1Y+hc=",
        "owner": "nixos",
        "repo": "nixpkgs",
        "rev": "97b17f32362e475016f942bbdfda4a4a72a8a652",
        "type": "github"
      },
      "original": {
        "owner": "nixos",
        "ref": "nixos-unstable",
        "repo": "nixpkgs",
        "type": "github"
      }
    },
    "root": {
      "inputs": {
        "fstar-src": "fstar-src",
        "krml-src": "krml-src",
        "nixpkgs": "nixpkgs",
        "steel-src": "steel-src"
      }
    },
    "steel-src": {
      "inputs": {
        "flake-utils": [
          "fstar-src",
          "flake-utils"
        ],
        "fstar": [
          "fstar-src"
        ],
        "nixpkgs": [
          "nixpkgs"
        ]
      },
      "locked": {
        "lastModified": 1706648011,
        "narHash": "sha256-fZlvRKzdqT0eaz0qVCMNs/yRfWXtAT6iBSs96XFI5gA=",
        "owner": "FStarLang",
        "repo": "steel",
        "rev": "604dae0818aa4b52e266845f21a00a2236091c91",
        "type": "github"
      },
      "original": {
        "owner": "FStarLang",
        "repo": "steel",
        "type": "github"
      }
    },
    "systems": {
      "locked": {
        "lastModified": 1681028828,
        "narHash": "sha256-Vy1rq5AaRuLzOxct8nz4T6wlgyUR7zLU309k9mBC768=",
        "owner": "nix-systems",
        "repo": "default",
        "rev": "da67096a3b9bf56a91d16901293e51ba5b49a27e",
        "type": "github"
      },
      "original": {
        "owner": "nix-systems",
        "repo": "default",
        "type": "github"
      }
    }
  },
  "root": "root",
  "version": 7
}
