{
  "nodes": {
    "flake-utils": {
      "inputs": {
        "systems": "systems"
      },
      "locked": {
        "lastModified": 1681202837,
        "narHash": "sha256-H+Rh19JDwRtpVPAWp64F+rlEtxUWBAQW28eAi3SRSzg=",
        "owner": "numtide",
        "repo": "flake-utils",
        "rev": "cfacdce06f30d2b68473a46042957675eebb3401",
        "type": "github"
      },
      "original": {
        "id": "flake-utils",
        "type": "indirect"
      }
    },
    "fstar-src": {
      "inputs": {
        "flake-utils": "flake-utils",
        "nixpkgs": [
          "nixpkgs"
        ]
      },
      "locked": {
        "lastModified": 1685542711,
        "narHash": "sha256-EJKOU01KWCbXP2hFM4rSi9ikARgnzo8Ar9nfRezDK1U=",
        "owner": "FStarLang",
        "repo": "FStar",
        "rev": "8c96e5b49bdc4f2b249cdd93a3ec86dd15aa9393",
        "type": "github"
      },
      "original": {
        "owner": "FStarLang",
        "repo": "FStar",
        "type": "github"
      }
    },
    "krml-src": {
      "inputs": {
        "flake-utils": [
          "fstar-src",
          "flake-utils"
        ],
        "fstar": [
          "fstar-src"
        ],
        "nixpkgs": [
          "nixpkgs"
        ]
      },
      "locked": {
        "lastModified": 1685504016,
        "narHash": "sha256-sZv23Up0qfRlCFIa/ovP3n5Sm1ob8cV3aliIVAUztkk=",
        "owner": "FStarLang",
        "repo": "karamel",
        "rev": "cd59e749b1e99940f23e763cd3c29879b8eb6559",
        "type": "github"
      },
      "original": {
        "owner": "FStarLang",
        "ref": "protz_spinlock",
        "repo": "karamel",
        "type": "github"
      }
    },
    "nixpkgs": {
      "locked": {
        "lastModified": 1685383865,
        "narHash": "sha256-3uQytfnotO6QJv3r04ajSXbEFMII0dUtw0uqYlZ4dbk=",
        "owner": "nixos",
        "repo": "nixpkgs",
        "rev": "5e871d8aa6f57cc8e0dc087d1c5013f6e212b4ce",
        "type": "github"
      },
      "original": {
        "owner": "nixos",
        "ref": "nixos-unstable",
        "repo": "nixpkgs",
        "type": "github"
      }
    },
    "root": {
      "inputs": {
        "fstar-src": "fstar-src",
        "krml-src": "krml-src",
        "nixpkgs": "nixpkgs",
        "steel-src": "steel-src"
      }
    },
    "steel-src": {
      "inputs": {
        "flake-utils": [
          "fstar-src",
          "flake-utils"
        ],
        "fstar": [
          "fstar-src"
        ],
        "nixpkgs": [
          "nixpkgs"
        ]
      },
      "locked": {
        "lastModified": 1685542382,
        "narHash": "sha256-IZzsf75GXu0dk5Iu7LpvY9V3ZH1dla91usv+r+arZYc=",
        "owner": "FStarLang",
        "repo": "steel",
        "rev": "ac2e26130a228816bd3bad4f5966c28007d074b0",
        "type": "github"
      },
      "original": {
        "owner": "FStarLang",
        "repo": "steel",
        "type": "github"
      }
    },
    "systems": {
      "locked": {
        "lastModified": 1681028828,
        "narHash": "sha256-Vy1rq5AaRuLzOxct8nz4T6wlgyUR7zLU309k9mBC768=",
        "owner": "nix-systems",
        "repo": "default",
        "rev": "da67096a3b9bf56a91d16901293e51ba5b49a27e",
        "type": "github"
      },
      "original": {
        "owner": "nix-systems",
        "repo": "default",
        "type": "github"
      }
    }
  },
  "root": "root",
  "version": 7
}
